
Microsoft Visual Studio Solution File, Format Version 12.00
# Visual Studio Version 17
VisualStudioVersion = 17.4.33110.190
MinimumVisualStudioVersion = 10.0.40219.1
Project("{FAE04EC0-301F-11D3-BF4B-00C04F79EFBC}") = "ConsoleApp2", "ConsoleApp2\ConsoleApp2.csproj", "{42F7ABB1-FFAC-44E1-BE24-E8F32A52367B}"
EndProject
Global
	GlobalSection(SolutionConfigurationPlatforms) = preSolution
		Debug|Any CPU = Debug|Any CPU
		Release|Any CPU = Release|Any CPU
	EndGlobalSection
	GlobalSection(ProjectConfigurationPlatforms) = postSolution
		{42F7ABB1-FFAC-44E1-BE24-E8F32A52367B}.Debug|Any CPU.ActiveCfg = Debug|Any CPU
		{42F7ABB1-FFAC-44E1-BE24-E8F32A52367B}.Debug|Any CPU.Build.0 = Debug|Any CPU
		{42F7ABB1-FFAC-44E1-BE24-E8F32A52367B}.Release|Any CPU.ActiveCfg = Release|Any CPU
		{42F7ABB1-FFAC-44E1-BE24-E8F32A52367B}.Release|Any CPU.Build.0 = Release|Any CPU
	EndGlobalSection
	GlobalSection(SolutionProperties) = preSolution
		HideSolutionNode = FALSE
	EndGlobalSection
	GlobalSection(ExtensibilityGlobals) = postSolution
		SolutionGuid = {D487814C-83BF-460D-938E-6CD4C65D6C15}
	EndGlobalSection
EndGlobal
