
Microsoft Visual Studio Solution File, Format Version 12.00
# Visual Studio Version 17
VisualStudioVersion = 17.4.33110.190
MinimumVisualStudioVersion = 10.0.40219.1
Project("{FAE04EC0-301F-11D3-BF4B-00C04F79EFBC}") = "InheritanceSample3", "InheritanceSample3\InheritanceSample3.csproj", "{DA052EBF-7ECA-4A00-B7E3-4BA2DF3D9FB6}"
EndProject
Global
	GlobalSection(SolutionConfigurationPlatforms) = preSolution
		Debug|Any CPU = Debug|Any CPU
		Release|Any CPU = Release|Any CPU
	EndGlobalSection
	GlobalSection(ProjectConfigurationPlatforms) = postSolution
		{DA052EBF-7ECA-4A00-B7E3-4BA2DF3D9FB6}.Debug|Any CPU.ActiveCfg = Debug|Any CPU
		{DA052EBF-7ECA-4A00-B7E3-4BA2DF3D9FB6}.Debug|Any CPU.Build.0 = Debug|Any CPU
		{DA052EBF-7ECA-4A00-B7E3-4BA2DF3D9FB6}.Release|Any CPU.ActiveCfg = Release|Any CPU
		{DA052EBF-7ECA-4A00-B7E3-4BA2DF3D9FB6}.Release|Any CPU.Build.0 = Release|Any CPU
	EndGlobalSection
	GlobalSection(SolutionProperties) = preSolution
		HideSolutionNode = FALSE
	EndGlobalSection
	GlobalSection(ExtensibilityGlobals) = postSolution
		SolutionGuid = {7903158A-A8EC-4C14-8738-80CAF4367D40}
	EndGlobalSection
EndGlobal
