
Microsoft Visual Studio Solution File, Format Version 12.00
# Visual Studio Version 17
VisualStudioVersion = 17.4.33110.190
MinimumVisualStudioVersion = 10.0.40219.1
Project("{FAE04EC0-301F-11D3-BF4B-00C04F79EFBC}") = "ArrayUsecase4", "ArrayUsecase4\ArrayUsecase4.csproj", "{FEA22F49-0F4C-4ED6-9B4F-C4C8C8BBC37A}"
EndProject
Global
	GlobalSection(SolutionConfigurationPlatforms) = preSolution
		Debug|Any CPU = Debug|Any CPU
		Release|Any CPU = Release|Any CPU
	EndGlobalSection
	GlobalSection(ProjectConfigurationPlatforms) = postSolution
		{FEA22F49-0F4C-4ED6-9B4F-C4C8C8BBC37A}.Debug|Any CPU.ActiveCfg = Debug|Any CPU
		{FEA22F49-0F4C-4ED6-9B4F-C4C8C8BBC37A}.Debug|Any CPU.Build.0 = Debug|Any CPU
		{FEA22F49-0F4C-4ED6-9B4F-C4C8C8BBC37A}.Release|Any CPU.ActiveCfg = Release|Any CPU
		{FEA22F49-0F4C-4ED6-9B4F-C4C8C8BBC37A}.Release|Any CPU.Build.0 = Release|Any CPU
	EndGlobalSection
	GlobalSection(SolutionProperties) = preSolution
		HideSolutionNode = FALSE
	EndGlobalSection
	GlobalSection(ExtensibilityGlobals) = postSolution
		SolutionGuid = {72009A78-8A87-477D-B444-D5FC25DEB027}
	EndGlobalSection
EndGlobal
