
Microsoft Visual Studio Solution File, Format Version 12.00
# Visual Studio Version 17
VisualStudioVersion = 17.4.33110.190
MinimumVisualStudioVersion = 10.0.40219.1
Project("{FAE04EC0-301F-11D3-BF4B-00C04F79EFBC}") = "iheritance2", "iheritance2\iheritance2.csproj", "{C672D1EE-0739-4B95-94BA-4C630946957B}"
EndProject
Global
	GlobalSection(SolutionConfigurationPlatforms) = preSolution
		Debug|Any CPU = Debug|Any CPU
		Release|Any CPU = Release|Any CPU
	EndGlobalSection
	GlobalSection(ProjectConfigurationPlatforms) = postSolution
		{C672D1EE-0739-4B95-94BA-4C630946957B}.Debug|Any CPU.ActiveCfg = Debug|Any CPU
		{C672D1EE-0739-4B95-94BA-4C630946957B}.Debug|Any CPU.Build.0 = Debug|Any CPU
		{C672D1EE-0739-4B95-94BA-4C630946957B}.Release|Any CPU.ActiveCfg = Release|Any CPU
		{C672D1EE-0739-4B95-94BA-4C630946957B}.Release|Any CPU.Build.0 = Release|Any CPU
	EndGlobalSection
	GlobalSection(SolutionProperties) = preSolution
		HideSolutionNode = FALSE
	EndGlobalSection
	GlobalSection(ExtensibilityGlobals) = postSolution
		SolutionGuid = {E5D2EFE0-7EE5-4704-9F15-DCEAA8F37029}
	EndGlobalSection
EndGlobal
