
Microsoft Visual Studio Solution File, Format Version 12.00
# Visual Studio Version 17
VisualStudioVersion = 17.4.33110.190
MinimumVisualStudioVersion = 10.0.40219.1
Project("{FAE04EC0-301F-11D3-BF4B-00C04F79EFBC}") = "UsecaseStaticSample1", "UsecaseStaticSample1\UsecaseStaticSample1.csproj", "{13FC67E0-04BE-4C68-8B56-5DE72BEFB244}"
EndProject
Global
	GlobalSection(SolutionConfigurationPlatforms) = preSolution
		Debug|Any CPU = Debug|Any CPU
		Release|Any CPU = Release|Any CPU
	EndGlobalSection
	GlobalSection(ProjectConfigurationPlatforms) = postSolution
		{13FC67E0-04BE-4C68-8B56-5DE72BEFB244}.Debug|Any CPU.ActiveCfg = Debug|Any CPU
		{13FC67E0-04BE-4C68-8B56-5DE72BEFB244}.Debug|Any CPU.Build.0 = Debug|Any CPU
		{13FC67E0-04BE-4C68-8B56-5DE72BEFB244}.Release|Any CPU.ActiveCfg = Release|Any CPU
		{13FC67E0-04BE-4C68-8B56-5DE72BEFB244}.Release|Any CPU.Build.0 = Release|Any CPU
	EndGlobalSection
	GlobalSection(SolutionProperties) = preSolution
		HideSolutionNode = FALSE
	EndGlobalSection
	GlobalSection(ExtensibilityGlobals) = postSolution
		SolutionGuid = {2392A09F-8F49-4CF6-8E7D-DF2A62510B4F}
	EndGlobalSection
EndGlobal
